{
	"name": "householdjs",
	"version": "2.0.0-alpha.0",
	"lockfileVersion": 1,
	"requires": true,
	"dependencies": {
		"ts-optchain": {
			"version": "0.1.8",
			"resolved": "https://registry.npmjs.org/ts-optchain/-/ts-optchain-0.1.8.tgz",
			"integrity": "sha512-crvloFKZlPIysdVcP7Ej1w4HijBx7NmLdeorqfxOvt87DcUIbhKV4ZaSgCL+IQ+zzTgDx5zDuNHRvUbTIr9aqw=="
		},
		"typescript": {
			"version": "3.9.6",
			"resolved": "https://registry.npmjs.org/typescript/-/typescript-3.9.6.tgz",
			"integrity": "sha512-Pspx3oKAPJtjNwE92YS05HQoY7z2SFyOpHo9MqJor3BXAGNaPUs83CuVp9VISFkSjyRfiTpmKuAYGJB7S7hOxw==",
			"dev": true
		}
	}
}
