{
	"name": "householdjs",
	"version": "2.0.1-alpha.0",
	"lockfileVersion": 1,
	"requires": true,
	"dependencies": {
		"@householdjs/types": {
			"version": "2.0.1-alpha.0",
			"resolved": "https://registry.npmjs.org/@householdjs/types/-/types-2.0.1-alpha.0.tgz",
			"integrity": "sha512-StUjO+6wzw6zVOO2e7KsEd/Uov1lCUvPN2/ukb0OyM61faIRy/XzkzzB/Z/rEJYCv0Xq7GZh8ZCcUF8fXvXYpg==",
			"requires": {
				"ts-optchain": "^0.1.8"
			}
		},
		"ts-optchain": {
			"version": "0.1.8",
			"resolved": "https://registry.npmjs.org/ts-optchain/-/ts-optchain-0.1.8.tgz",
			"integrity": "sha512-crvloFKZlPIysdVcP7Ej1w4HijBx7NmLdeorqfxOvt87DcUIbhKV4ZaSgCL+IQ+zzTgDx5zDuNHRvUbTIr9aqw=="
		},
		"typescript": {
			"version": "3.9.6",
			"resolved": "https://registry.npmjs.org/typescript/-/typescript-3.9.6.tgz",
			"integrity": "sha512-Pspx3oKAPJtjNwE92YS05HQoY7z2SFyOpHo9MqJor3BXAGNaPUs83CuVp9VISFkSjyRfiTpmKuAYGJB7S7hOxw==",
			"dev": true
		}
	}
}
